{
    "name": "minitranslate",
    "version": "1.0.0",
    "lockfileVersion": 2,
    "requires": true,
    "packages": {
        "": {
            "name": "minitranslate",
            "version": "1.0.0",
            "license": "ISC",
            "dependencies": {
                "commander": "^8.3.0",
                "md5": "^2.3.0"
            },
            "devDependencies": {
                "@types/md5": "^2.3.1",
                "@types/node": "^17.0.10"
            }
        },
        "node_modules/@types/md5": {
            "version": "2.3.1",
            "resolved": "https://registry.npmmirror.com/@types/md5/download/@types/md5-2.3.1.tgz",
            "integrity": "sha1-AQvPO7UKLP86V0yxwLQFGpxn1rw=",
            "dev": true,
            "dependencies": {
                "@types/node": "*"
            }
        },
        "node_modules/@types/node": {
            "version": "17.0.10",
            "resolved": "https://registry.npmmirror.com/@types/node/download/@types/node-17.0.10.tgz",
            "integrity": "sha512-S/3xB4KzyFxYGCppyDt68yzBU9ysL88lSdIah4D6cptdcltc4NCPCAMc0+PCpg/lLIyC7IPvj2Z52OJWeIUkog==",
            "dev": true
        },
        "node_modules/charenc": {
            "version": "0.0.2",
            "resolved": "https://registry.npmmirror.com/charenc/download/charenc-0.0.2.tgz",
            "integrity": "sha1-wKHS86cJLgN3S/qD8UwPxXkKhmc=",
            "engines": {
                "node": "*"
            }
        },
        "node_modules/commander": {
            "version": "8.3.0",
            "resolved": "https://registry.npmmirror.com/commander/download/commander-8.3.0.tgz",
            "integrity": "sha512-OkTL9umf+He2DZkUq8f8J9of7yL6RJKI24dVITBmNfZBmri9zYZQrKkuXiKhyfPSu8tUhnVBB1iKXevvnlR4Ww==",
            "engines": {
                "node": ">= 12"
            }
        },
        "node_modules/crypt": {
            "version": "0.0.2",
            "resolved": "https://registry.npmmirror.com/crypt/download/crypt-0.0.2.tgz",
            "integrity": "sha1-iNf/fsDfuG9xPch7u0LQRNPmxBs=",
            "engines": {
                "node": "*"
            }
        },
        "node_modules/is-buffer": {
            "version": "1.1.6",
            "resolved": "https://registry.npmmirror.com/is-buffer/download/is-buffer-1.1.6.tgz",
            "integrity": "sha1-76ouqdqg16suoTqXsritUf776L4="
        },
        "node_modules/md5": {
            "version": "2.3.0",
            "resolved": "https://registry.npmmirror.com/md5/download/md5-2.3.0.tgz",
            "integrity": "sha512-T1GITYmFaKuO91vxyoQMFETst+O71VUPEU3ze5GNzDm0OWdP8v1ziTaAEPUr/3kLsY3Sftgz242A1SetQiDL7g==",
            "dependencies": {
                "charenc": "0.0.2",
                "crypt": "0.0.2",
                "is-buffer": "~1.1.6"
            }
        }
    },
    "dependencies": {
        "@types/md5": {
            "version": "2.3.1",
            "resolved": "https://registry.npmmirror.com/@types/md5/download/@types/md5-2.3.1.tgz",
            "integrity": "sha1-AQvPO7UKLP86V0yxwLQFGpxn1rw=",
            "dev": true,
            "requires": {
                "@types/node": "*"
            }
        },
        "@types/node": {
            "version": "17.0.10",
            "resolved": "https://registry.npmmirror.com/@types/node/download/@types/node-17.0.10.tgz",
            "integrity": "sha512-S/3xB4KzyFxYGCppyDt68yzBU9ysL88lSdIah4D6cptdcltc4NCPCAMc0+PCpg/lLIyC7IPvj2Z52OJWeIUkog==",
            "dev": true
        },
        "charenc": {
            "version": "0.0.2",
            "resolved": "https://registry.npmmirror.com/charenc/download/charenc-0.0.2.tgz",
            "integrity": "sha1-wKHS86cJLgN3S/qD8UwPxXkKhmc="
        },
        "commander": {
            "version": "8.3.0",
            "resolved": "https://registry.npmmirror.com/commander/download/commander-8.3.0.tgz",
            "integrity": "sha512-OkTL9umf+He2DZkUq8f8J9of7yL6RJKI24dVITBmNfZBmri9zYZQrKkuXiKhyfPSu8tUhnVBB1iKXevvnlR4Ww=="
        },
        "crypt": {
            "version": "0.0.2",
            "resolved": "https://registry.npmmirror.com/crypt/download/crypt-0.0.2.tgz",
            "integrity": "sha1-iNf/fsDfuG9xPch7u0LQRNPmxBs="
        },
        "is-buffer": {
            "version": "1.1.6",
            "resolved": "https://registry.npmmirror.com/is-buffer/download/is-buffer-1.1.6.tgz",
            "integrity": "sha1-76ouqdqg16suoTqXsritUf776L4="
        },
        "md5": {
            "version": "2.3.0",
            "resolved": "https://registry.npmmirror.com/md5/download/md5-2.3.0.tgz",
            "integrity": "sha512-T1GITYmFaKuO91vxyoQMFETst+O71VUPEU3ze5GNzDm0OWdP8v1ziTaAEPUr/3kLsY3Sftgz242A1SetQiDL7g==",
            "requires": {
                "charenc": "0.0.2",
                "crypt": "0.0.2",
                "is-buffer": "~1.1.6"
            }
        }
    }
}
